
Microsoft Visual Studio Solution File, Format Version 12.00
# Visual Studio Version 16
VisualStudioVersion = 16.0.30711.63
MinimumVisualStudioVersion = 10.0.40219.1
Project("{FAE04EC0-301F-11D3-BF4B-00C04F79EFBC}") = "CheckingStore", "CheckingStore\CheckingStore.csproj", "{1EE5D2BF-7C62-41B8-8D14-9923E5B0242D}"
EndProject
Global
	GlobalSection(SolutionConfigurationPlatforms) = preSolution
		Debug|Any CPU = Debug|Any CPU
		Release|Any CPU = Release|Any CPU
	EndGlobalSection
	GlobalSection(ProjectConfigurationPlatforms) = postSolution
		{1EE5D2BF-7C62-41B8-8D14-9923E5B0242D}.Debug|Any CPU.ActiveCfg = Debug|Any CPU
		{1EE5D2BF-7C62-41B8-8D14-9923E5B0242D}.Debug|Any CPU.Build.0 = Debug|Any CPU
		{1EE5D2BF-7C62-41B8-8D14-9923E5B0242D}.Release|Any CPU.ActiveCfg = Release|Any CPU
		{1EE5D2BF-7C62-41B8-8D14-9923E5B0242D}.Release|Any CPU.Build.0 = Release|Any CPU
	EndGlobalSection
	GlobalSection(SolutionProperties) = preSolution
		HideSolutionNode = FALSE
	EndGlobalSection
	GlobalSection(ExtensibilityGlobals) = postSolution
		SolutionGuid = {94E9DBD5-8C56-4AEA-9A37-5AF61CAFA7D0}
	EndGlobalSection
EndGlobal
